{
  "name": "AgeVitalWeb",
  "lockfileVersion": 3,
  "requires": true,
  "packages": {
    "": {
      "dependencies": {
        "mpld3": "^0.5.10"
      }
    },
    "node_modules/mpld3": {
      "version": "0.5.10",
      "resolved": "https://registry.npmjs.org/mpld3/-/mpld3-0.5.10.tgz",
      "integrity": "sha512-yeTa9xOTCSyByGHNVP0RnpQ2T/gNCVUInAN1hQgeCdzKsqByr8s/DJpUUwAIo/OpyBwG9JEM86oZ/i8lMHPoXQ=="
    }
  }
}
