{
  "name": "AgeVitalWeb",
  "lockfileVersion": 3,
  "requires": true,
  "packages": {
    "": {
      "dependencies": {
        "sweetalert2": "^11.14.5"
      }
    },
    "node_modules/sweetalert2": {
      "version": "11.14.5",
      "resolved": "https://registry.npmjs.org/sweetalert2/-/sweetalert2-11.14.5.tgz",
      "integrity": "sha512-8MWk5uc/r6bWhiJWkUXyEuApfXAhSCZT8FFX7pZXL7YwaPxq+9Ynhi2dUzWkOFn9jvLjKj22CXuccZ+IHcnjvQ==",
      "funding": {
        "type": "individual",
        "url": "https://github.com/sponsors/limonte"
      }
        "mpld3": "^0.5.10"
      }
    },
    "node_modules/mpld3": {
      "version": "0.5.10",
      "resolved": "https://registry.npmjs.org/mpld3/-/mpld3-0.5.10.tgz",
      "integrity": "sha512-yeTa9xOTCSyByGHNVP0RnpQ2T/gNCVUInAN1hQgeCdzKsqByr8s/DJpUUwAIo/OpyBwG9JEM86oZ/i8lMHPoXQ=="
    }
  }
}
